
Microsoft Visual Studio Solution File, Format Version 12.00
# Visual Studio Version 17
VisualStudioVersion = 17.4.33110.190
MinimumVisualStudioVersion = 10.0.40219.1
Project("{FAE04EC0-301F-11D3-BF4B-00C04F79EFBC}") = "LOSAFAPI", "LOSAFAPI\LOSAFAPI.csproj", "{9A8667ED-4059-4B37-8478-4EF07185A3E8}"
EndProject
Global
	GlobalSection(SolutionConfigurationPlatforms) = preSolution
		Debug|Any CPU = Debug|Any CPU
		Release|Any CPU = Release|Any CPU
	EndGlobalSection
	GlobalSection(ProjectConfigurationPlatforms) = postSolution
		{9A8667ED-4059-4B37-8478-4EF07185A3E8}.Debug|Any CPU.ActiveCfg = Debug|Any CPU
		{9A8667ED-4059-4B37-8478-4EF07185A3E8}.Debug|Any CPU.Build.0 = Debug|Any CPU
		{9A8667ED-4059-4B37-8478-4EF07185A3E8}.Release|Any CPU.ActiveCfg = Release|Any CPU
		{9A8667ED-4059-4B37-8478-4EF07185A3E8}.Release|Any CPU.Build.0 = Release|Any CPU
	EndGlobalSection
	GlobalSection(SolutionProperties) = preSolution
		HideSolutionNode = FALSE
	EndGlobalSection
	GlobalSection(ExtensibilityGlobals) = postSolution
		SolutionGuid = {6AA9D527-7762-42B3-85F0-42FDD9361580}
	EndGlobalSection
EndGlobal
